
Microsoft Visual Studio Solution File, Format Version 12.00
# Visual Studio Version 17
VisualStudioVersion = 17.6.33829.357
MinimumVisualStudioVersion = 10.0.40219.1
Project("{FAE04EC0-301F-11D3-BF4B-00C04F79EFBC}") = "roychoii_Assignment11", "roychoii_Assignment11\roychoii_Assignment11.csproj", "{15124339-83EA-443D-87F3-7B605E43FC1C}"
EndProject
Global
	GlobalSection(SolutionConfigurationPlatforms) = preSolution
		Debug|Any CPU = Debug|Any CPU
		Release|Any CPU = Release|Any CPU
	EndGlobalSection
	GlobalSection(ProjectConfigurationPlatforms) = postSolution
		{15124339-83EA-443D-87F3-7B605E43FC1C}.Debug|Any CPU.ActiveCfg = Debug|Any CPU
		{15124339-83EA-443D-87F3-7B605E43FC1C}.Debug|Any CPU.Build.0 = Debug|Any CPU
		{15124339-83EA-443D-87F3-7B605E43FC1C}.Release|Any CPU.ActiveCfg = Release|Any CPU
		{15124339-83EA-443D-87F3-7B605E43FC1C}.Release|Any CPU.Build.0 = Release|Any CPU
	EndGlobalSection
	GlobalSection(SolutionProperties) = preSolution
		HideSolutionNode = FALSE
	EndGlobalSection
	GlobalSection(ExtensibilityGlobals) = postSolution
		SolutionGuid = {F159E2D6-6C42-4352-9162-A27442C3BDCB}
	EndGlobalSection
EndGlobal
